<?xml version="1.0" encoding="utf-8"?>
<Project ToolsVersion="4.0" xmlns="http://schemas.microsoft.com/developer/msbuild/2003">
  <ItemGroup>
    <Filter Include="Core">
      <UniqueIdentifier>{2EB4837C-1AEB-840D-C3D7-6A10AFED000F}</UniqueIdentifier>
    </Filter>
    <Filter Include="Graphics">
      <UniqueIdentifier>{1653CE33-0220-293F-2B39-17E717655ECD}</UniqueIdentifier>
    </Filter>
  </ItemGroup>
  <ItemGroup>
    <ClInclude Include="Source\Core\InterfaceRenderer.h">
      <Filter>Core</Filter>
    </ClInclude>
    <ClInclude Include="Source\Graphics\FrameBuffer.h">
      <Filter>Graphics</Filter>
    </ClInclude>
    <ClInclude Include="Source\Graphics\IndexBuffer.h">
      <Filter>Graphics</Filter>
    </ClInclude>
    <ClInclude Include="Source\Graphics\RenderCommand.h">
      <Filter>Graphics</Filter>
    </ClInclude>
    <ClInclude Include="Source\Graphics\Shader.h">
      <Filter>Graphics</Filter>
    </ClInclude>
    <ClInclude Include="Source\Graphics\TextureBuffer.h">
      <Filter>Graphics</Filter>
    </ClInclude>
    <ClInclude Include="Source\Graphics\VertexArray.h">
      <Filter>Graphics</Filter>
    </ClInclude>
    <ClInclude Include="Source\Graphics\VertexBuffer.h">
      <Filter>Graphics</Filter>
    </ClInclude>
    <ClInclude Include="Source\ScarletRenderer.h" />
    <ClInclude Include="Source\Core\RendererContext.h" />
    <ClInclude Include="Source\Core\InterfaceAllocator.h" />
    <ClInclude Include="Source\Core\ResourceQueue.h" />
    <ClInclude Include="Source\Components\MemoryComponent.h" />
    <ClInclude Include="Source\Core\CallbackTable.h" />
    <ClInclude Include="Source\Allocator\OpenGLAllocate.h" />
    <ClInclude Include="Source\Graphics\BufferLayout.h" />
  </ItemGroup>
  <ItemGroup>
    <ClCompile Include="Source\Core\InterfaceRenderer.cpp">
      <Filter>Core</Filter>
    </ClCompile>
    <ClCompile Include="Source\Graphics\FrameBuffer.cpp">
      <Filter>Graphics</Filter>
    </ClCompile>
    <ClCompile Include="Source\Graphics\IndexBuffer.cpp">
      <Filter>Graphics</Filter>
    </ClCompile>
    <ClCompile Include="Source\Graphics\RenderCommand.cpp">
      <Filter>Graphics</Filter>
    </ClCompile>
    <ClCompile Include="Source\Graphics\Shader.cpp">
      <Filter>Graphics</Filter>
    </ClCompile>
    <ClCompile Include="Source\Graphics\TextureBuffer.cpp">
      <Filter>Graphics</Filter>
    </ClCompile>
    <ClCompile Include="Source\Graphics\VertexArray.cpp">
      <Filter>Graphics</Filter>
    </ClCompile>
    <ClCompile Include="Source\Graphics\VertexBuffer.cpp">
      <Filter>Graphics</Filter>
    </ClCompile>
    <ClCompile Include="Source\Components\RendererComponent.h" />
    <ClCompile Include="Source\Core\RendererContext.cpp" />
    <ClCompile Include="Source\Components\AllocateComponent.h" />
    <ClCompile Include="Source\Core\InterfaceAllocator.cpp" />
    <ClCompile Include="Source\Core\ResourceQueue.cpp" />
  </ItemGroup>
</Project>