<?xml version="1.0" encoding="utf-8"?>
<Project ToolsVersion="4.0" xmlns="http://schemas.microsoft.com/developer/msbuild/2003">
  <ItemGroup>
    <Filter Include="Components">
      <UniqueIdentifier>{6B7DD516-5735-1764-C03C-F0BFAC13B254}</UniqueIdentifier>
    </Filter>
    <Filter Include="Core">
      <UniqueIdentifier>{2EB4837C-1AEB-840D-C3D7-6A10AFED000F}</UniqueIdentifier>
    </Filter>
    <Filter Include="Panels">
      <UniqueIdentifier>{A80D95C9-94AF-BF9F-7D6A-D3F369AB46F0}</UniqueIdentifier>
    </Filter>
  </ItemGroup>
  <ItemGroup>
    <ClInclude Include="Source\Components\EditorComponent.h">
      <Filter>Components</Filter>
    </ClInclude>
    <ClInclude Include="Source\Core\InterfaceEditor.h">
      <Filter>Core</Filter>
    </ClInclude>
    <ClInclude Include="Source\Panels\AssetsBrowserPanel.h">
      <Filter>Panels</Filter>
    </ClInclude>
    <ClInclude Include="Source\Panels\PropertiesPanel.h">
      <Filter>Panels</Filter>
    </ClInclude>
    <ClInclude Include="Source\Panels\SceneHierarchyPanel.h">
      <Filter>Panels</Filter>
    </ClInclude>
  </ItemGroup>
  <ItemGroup>
    <ClCompile Include="Source\Core\InterfaceEditor.cpp">
      <Filter>Core</Filter>
    </ClCompile>
    <ClCompile Include="Source\Panels\AssetsBrowserPanel.cpp">
      <Filter>Panels</Filter>
    </ClCompile>
    <ClCompile Include="Source\Panels\PropertiesPanel.cpp">
      <Filter>Panels</Filter>
    </ClCompile>
    <ClCompile Include="Source\Panels\SceneHierarchyPanel.cpp">
      <Filter>Panels</Filter>
    </ClCompile>
  </ItemGroup>
</Project>