<?xml version="1.0" encoding="utf-8"?>
<Project ToolsVersion="4.0" xmlns="http://schemas.microsoft.com/developer/msbuild/2003">
  <ItemGroup>
    <Filter Include="Components">
      <UniqueIdentifier>{6B7DD516-5735-1764-C03C-F0BFAC13B254}</UniqueIdentifier>
    </Filter>
    <Filter Include="Core">
      <UniqueIdentifier>{2EB4837C-1AEB-840D-C3D7-6A10AFED000F}</UniqueIdentifier>
    </Filter>
    <Filter Include="Resources">
      <UniqueIdentifier>{000BCD17-6C75-818E-B5B3-3234215D5FE3}</UniqueIdentifier>
    </Filter>
  </ItemGroup>
  <ItemGroup>
    <ClInclude Include="Source\Components\AudioFXComponent.h">
      <Filter>Components</Filter>
    </ClInclude>
    <ClInclude Include="Source\Core\InterfaceAudioFX.h">
      <Filter>Core</Filter>
    </ClInclude>
    <ClInclude Include="Source\Resources\AudioBuffer.h">
      <Filter>Resources</Filter>
    </ClInclude>
    <ClInclude Include="Source\Resources\AudioDevice.h">
      <Filter>Resources</Filter>
    </ClInclude>
    <ClInclude Include="Source\Resources\AudioListener.h">
      <Filter>Resources</Filter>
    </ClInclude>
    <ClInclude Include="Source\Resources\AudioSource.h">
      <Filter>Resources</Filter>
    </ClInclude>
    <ClInclude Include="Source\Resources\CallbackTable.h">
      <Filter>Resources</Filter>
    </ClInclude>
    <ClInclude Include="Source\ScarletAudioFX.h" />
  </ItemGroup>
  <ItemGroup>
    <ClCompile Include="Source\Core\InterfaceAudioFX.cpp">
      <Filter>Core</Filter>
    </ClCompile>
    <ClCompile Include="Source\Resources\AudioBuffer.cpp">
      <Filter>Resources</Filter>
    </ClCompile>
    <ClCompile Include="Source\Resources\AudioDevice.cpp">
      <Filter>Resources</Filter>
    </ClCompile>
    <ClCompile Include="Source\Resources\AudioListener.cpp">
      <Filter>Resources</Filter>
    </ClCompile>
    <ClCompile Include="Source\Resources\AudioSource.cpp">
      <Filter>Resources</Filter>
    </ClCompile>
  </ItemGroup>
</Project>