<?xml version="1.0" encoding="utf-8"?>
<Project ToolsVersion="4.0" xmlns="http://schemas.microsoft.com/developer/msbuild/2003">
  <ItemGroup>
    <Filter Include="Components">
      <UniqueIdentifier>{6B7DD516-5735-1764-C03C-F0BFAC13B254}</UniqueIdentifier>
    </Filter>
    <Filter Include="Core">
      <UniqueIdentifier>{2EB4837C-1AEB-840D-C3D7-6A10AFED000F}</UniqueIdentifier>
    </Filter>
    <Filter Include="Resources">
      <UniqueIdentifier>{000BCD17-6C75-818E-B5B3-3234215D5FE3}</UniqueIdentifier>
    </Filter>
  </ItemGroup>
  <ItemGroup>
    <ClInclude Include="Source\Components\OpenALComponent.h">
      <Filter>Components</Filter>
    </ClInclude>
    <ClInclude Include="Source\Core\InterfaceOpenAL.h">
      <Filter>Core</Filter>
    </ClInclude>
    <ClInclude Include="Source\Resources\OpenALBuffer.h">
      <Filter>Resources</Filter>
    </ClInclude>
    <ClInclude Include="Source\Resources\OpenALDevice.h">
      <Filter>Resources</Filter>
    </ClInclude>
    <ClInclude Include="Source\Resources\OpenALListener.h">
      <Filter>Resources</Filter>
    </ClInclude>
    <ClInclude Include="Source\Resources\OpenALSource.h">
      <Filter>Resources</Filter>
    </ClInclude>
    <ClInclude Include="Source\Scarlet-OpenAL.h" />
  </ItemGroup>
  <ItemGroup>
    <ClCompile Include="Source\Core\InterfaceOpenAL.cpp">
      <Filter>Core</Filter>
    </ClCompile>
    <ClCompile Include="Source\Resources\OpenALBuffer.cpp">
      <Filter>Resources</Filter>
    </ClCompile>
    <ClCompile Include="Source\Resources\OpenALDevice.cpp">
      <Filter>Resources</Filter>
    </ClCompile>
    <ClCompile Include="Source\Resources\OpenALListener.cpp">
      <Filter>Resources</Filter>
    </ClCompile>
    <ClCompile Include="Source\Resources\OpenALSource.cpp">
      <Filter>Resources</Filter>
    </ClCompile>
  </ItemGroup>
</Project>