<?xml version="1.0" encoding="utf-8"?>
<Project ToolsVersion="4.0" xmlns="http://schemas.microsoft.com/developer/msbuild/2003">
  <ItemGroup>
    <Filter Include="Components">
      <UniqueIdentifier>{6B7DD516-5735-1764-C03C-F0BFAC13B254}</UniqueIdentifier>
    </Filter>
    <Filter Include="Core">
      <UniqueIdentifier>{2EB4837C-1AEB-840D-C3D7-6A10AFED000F}</UniqueIdentifier>
    </Filter>
    <Filter Include="Events">
      <UniqueIdentifier>{3A8963B1-262B-8E87-0FE6-A1DBFB2615D8}</UniqueIdentifier>
    </Filter>
  </ItemGroup>
  <ItemGroup>
    <ClInclude Include="Source\Components\WindowComponent.h">
      <Filter>Components</Filter>
    </ClInclude>
    <ClInclude Include="Source\Core\InterfaceWindow.h">
      <Filter>Core</Filter>
    </ClInclude>
    <ClInclude Include="Source\Core\WindowContext.h">
      <Filter>Core</Filter>
    </ClInclude>
    <ClInclude Include="Source\Events\WindowEvent.h">
      <Filter>Events</Filter>
    </ClInclude>
    <ClInclude Include="Source\ScarletWindow.h" />
  </ItemGroup>
  <ItemGroup>
    <ClCompile Include="Source\Core\InterfaceWindow.cpp">
      <Filter>Core</Filter>
    </ClCompile>
    <ClCompile Include="Source\Core\WindowContext.cpp">
      <Filter>Core</Filter>
    </ClCompile>
  </ItemGroup>
</Project>