<?xml version="1.0" encoding="utf-8"?>
<Project ToolsVersion="4.0" xmlns="http://schemas.microsoft.com/developer/msbuild/2003">
  <ItemGroup>
    <Filter Include="Components">
      <UniqueIdentifier>{6B7DD516-5735-1764-C03C-F0BFAC13B254}</UniqueIdentifier>
    </Filter>
    <Filter Include="Core">
      <UniqueIdentifier>{2EB4837C-1AEB-840D-C3D7-6A10AFED000F}</UniqueIdentifier>
    </Filter>
    <Filter Include="SceneGraph">
      <UniqueIdentifier>{05BA97CB-F171-D918-5A79-B27446507409}</UniqueIdentifier>
    </Filter>
    <Filter Include="SceneGraph\Backend">
      <UniqueIdentifier>{BCF53945-A8D9-FA9A-113A-F5EDFD3CE51C}</UniqueIdentifier>
    </Filter>
    <Filter Include="SceneGraph\Components">
      <UniqueIdentifier>{FA31FD22-669E-B81D-2F92-507B9BBDDA85}</UniqueIdentifier>
    </Filter>
  </ItemGroup>
  <ItemGroup>
    <ClInclude Include="Source\Components\SceneGraphComponent.h">
      <Filter>Components</Filter>
    </ClInclude>
    <ClInclude Include="Source\Core\InterfaceSceneGraph.h">
      <Filter>Core</Filter>
    </ClInclude>
    <ClInclude Include="Source\SceneGraph\Backend\ComponentArray.h">
      <Filter>SceneGraph\Backend</Filter>
    </ClInclude>
    <ClInclude Include="Source\SceneGraph\Backend\ComponentManager.h">
      <Filter>SceneGraph\Backend</Filter>
    </ClInclude>
    <ClInclude Include="Source\SceneGraph\Backend\Coordinator.h">
      <Filter>SceneGraph\Backend</Filter>
    </ClInclude>
    <ClInclude Include="Source\SceneGraph\Backend\EntityManager.h">
      <Filter>SceneGraph\Backend</Filter>
    </ClInclude>
    <ClInclude Include="Source\SceneGraph\Backend\EntityTypes.h">
      <Filter>SceneGraph\Backend</Filter>
    </ClInclude>
    <ClInclude Include="Source\SceneGraph\Backend\System.h">
      <Filter>SceneGraph\Backend</Filter>
    </ClInclude>
    <ClInclude Include="Source\SceneGraph\Backend\SystemManager.h">
      <Filter>SceneGraph\Backend</Filter>
    </ClInclude>
    <ClInclude Include="Source\SceneGraph\Camera.h">
      <Filter>SceneGraph</Filter>
    </ClInclude>
    <ClInclude Include="Source\SceneGraph\Components\Header.h">
      <Filter>SceneGraph\Components</Filter>
    </ClInclude>
    <ClInclude Include="Source\SceneGraph\Components\TagComponent.h">
      <Filter>SceneGraph\Components</Filter>
    </ClInclude>
    <ClInclude Include="Source\SceneGraph\Components\TransformComponent.h">
      <Filter>SceneGraph\Components</Filter>
    </ClInclude>
    <ClInclude Include="Source\SceneGraph\Entity.h">
      <Filter>SceneGraph</Filter>
    </ClInclude>
    <ClInclude Include="Source\SceneGraph\Scene.h">
      <Filter>SceneGraph</Filter>
    </ClInclude>
  </ItemGroup>
  <ItemGroup>
    <ClCompile Include="Source\Core\InterfaceSceneGraph.cpp">
      <Filter>Core</Filter>
    </ClCompile>
    <ClCompile Include="Source\SceneGraph\Entity.cpp">
      <Filter>SceneGraph</Filter>
    </ClCompile>
    <ClCompile Include="Source\SceneGraph\Scene.cpp">
      <Filter>SceneGraph</Filter>
    </ClCompile>
  </ItemGroup>
</Project>